
Microsoft Visual Studio Solution File, Format Version 12.00
# Visual Studio Version 17
VisualStudioVersion = 17.6.33815.320
MinimumVisualStudioVersion = 10.0.40219.1
Project("{FAE04EC0-301F-11D3-BF4B-00C04F79EFBC}") = "OurLogin", "OurLogin\OurLogin.csproj", "{AF0E5657-15EB-4195-97F3-DDD7E36A923F}"
EndProject
Project("{FAE04EC0-301F-11D3-BF4B-00C04F79EFBC}") = "SpecFlowProject1", "SpecFlowProject1\SpecFlowProject1.csproj", "{1014E907-4241-4E94-B39F-F219798FF6A2}"
EndProject
Global
	GlobalSection(SolutionConfigurationPlatforms) = preSolution
		Debug|Any CPU = Debug|Any CPU
		Release|Any CPU = Release|Any CPU
	EndGlobalSection
	GlobalSection(ProjectConfigurationPlatforms) = postSolution
		{AF0E5657-15EB-4195-97F3-DDD7E36A923F}.Debug|Any CPU.ActiveCfg = Debug|Any CPU
		{AF0E5657-15EB-4195-97F3-DDD7E36A923F}.Debug|Any CPU.Build.0 = Debug|Any CPU
		{AF0E5657-15EB-4195-97F3-DDD7E36A923F}.Release|Any CPU.ActiveCfg = Release|Any CPU
		{AF0E5657-15EB-4195-97F3-DDD7E36A923F}.Release|Any CPU.Build.0 = Release|Any CPU
		{1014E907-4241-4E94-B39F-F219798FF6A2}.Debug|Any CPU.ActiveCfg = Debug|Any CPU
		{1014E907-4241-4E94-B39F-F219798FF6A2}.Debug|Any CPU.Build.0 = Debug|Any CPU
		{1014E907-4241-4E94-B39F-F219798FF6A2}.Release|Any CPU.ActiveCfg = Release|Any CPU
		{1014E907-4241-4E94-B39F-F219798FF6A2}.Release|Any CPU.Build.0 = Release|Any CPU
	EndGlobalSection
	GlobalSection(SolutionProperties) = preSolution
		HideSolutionNode = FALSE
	EndGlobalSection
	GlobalSection(ExtensibilityGlobals) = postSolution
		SolutionGuid = {8C723876-A83A-4E1B-809C-F8C631016B7F}
	EndGlobalSection
EndGlobal
